
Microsoft Visual Studio Solution File, Format Version 12.00
# Visual Studio Version 16
VisualStudioVersion = 16.0.30523.141
MinimumVisualStudioVersion = 10.0.40219.1
Project("{FAE04EC0-301F-11D3-BF4B-00C04F79EFBC}") = "ThinkProManager", "ThinkProManager.csproj", "{8C845A77-3359-4ACA-A5ED-7472ED21953B}"
EndProject
Global
	GlobalSection(SolutionConfigurationPlatforms) = preSolution
		Debug|Any CPU = Debug|Any CPU
		Release|Any CPU = Release|Any CPU
	EndGlobalSection
	GlobalSection(ProjectConfigurationPlatforms) = postSolution
		{8C845A77-3359-4ACA-A5ED-7472ED21953B}.Debug|Any CPU.ActiveCfg = Debug|Any CPU
		{8C845A77-3359-4ACA-A5ED-7472ED21953B}.Debug|Any CPU.Build.0 = Debug|Any CPU
		{8C845A77-3359-4ACA-A5ED-7472ED21953B}.Release|Any CPU.ActiveCfg = Release|Any CPU
		{8C845A77-3359-4ACA-A5ED-7472ED21953B}.Release|Any CPU.Build.0 = Release|Any CPU
	EndGlobalSection
	GlobalSection(SolutionProperties) = preSolution
		HideSolutionNode = FALSE
	EndGlobalSection
	GlobalSection(ExtensibilityGlobals) = postSolution
		SolutionGuid = {0B6EB572-AC8A-4BC4-8695-8A743AB24A9F}
	EndGlobalSection
EndGlobal
